// !$*UTF8*$!
{
	archiveVersion = 1;
	classes = {
	};
	objectVersion = 48;
	objects = {

/* Begin PBXBuildFile section */
		24CAEFC31F82893C0039B338 /* TimerViewController.swift in Sources */ = {isa = PBXBuildFile; fileRef = 24CAEFC21F82893C0039B338 /* TimerViewController.swift */; };
		24CAEFC51F82895D0039B338 /* RegisterViewController.swift in Sources */ = {isa = PBXBuildFile; fileRef = 24CAEFC41F82895D0039B338 /* RegisterViewController.swift */; };
		24CAEFC71F8289D90039B338 /* ContactViewController.swift in Sources */ = {isa = PBXBuildFile; fileRef = 24CAEFC61F8289D90039B338 /* ContactViewController.swift */; };
		24CAEFC91F8299410039B338 /* LoginViewController.swift in Sources */ = {isa = PBXBuildFile; fileRef = 24CAEFC81F8299410039B338 /* LoginViewController.swift */; };
		24D0F0691F80A746008AFAD4 /* AppDelegate.swift in Sources */ = {isa = PBXBuildFile; fileRef = 24D0F0681F80A746008AFAD4 /* AppDelegate.swift */; };
		24D0F06B1F80A746008AFAD4 /* ViewController.swift in Sources */ = {isa = PBXBuildFile; fileRef = 24D0F06A1F80A746008AFAD4 /* ViewController.swift */; };
		24D0F06E1F80A746008AFAD4 /* Main.storyboard in Resources */ = {isa = PBXBuildFile; fileRef = 24D0F06C1F80A746008AFAD4 /* Main.storyboard */; };
		24D0F0701F80A746008AFAD4 /* Assets.xcassets in Resources */ = {isa = PBXBuildFile; fileRef = 24D0F06F1F80A746008AFAD4 /* Assets.xcassets */; };
		24D0F0731F80A746008AFAD4 /* LaunchScreen.storyboard in Resources */ = {isa = PBXBuildFile; fileRef = 24D0F0711F80A746008AFAD4 /* LaunchScreen.storyboard */; };
		24D0F07B1F80AE5B008AFAD4 /* SetTaskViewController.swift in Sources */ = {isa = PBXBuildFile; fileRef = 24D0F07A1F80AE5B008AFAD4 /* SetTaskViewController.swift */; };
/* End PBXBuildFile section */

/* Begin PBXFileReference section */
		24CAEFBE1F826D610039B338 /* bg.png */ = {isa = PBXFileReference; lastKnownFileType = image.png; path = bg.png; sourceTree = "<group>"; };
		24CAEFBF1F8282110039B338 /* taskIcon.png */ = {isa = PBXFileReference; lastKnownFileType = image.png; path = taskIcon.png; sourceTree = "<group>"; };
		24CAEFC01F8284190039B338 /* contactIcon.png */ = {isa = PBXFileReference; lastKnownFileType = image.png; path = contactIcon.png; sourceTree = "<group>"; };
		24CAEFC11F8286340039B338 /* emergencycallIcon.png */ = {isa = PBXFileReference; lastKnownFileType = image.png; path = emergencycallIcon.png; sourceTree = "<group>"; };
		24CAEFC21F82893C0039B338 /* TimerViewController.swift */ = {isa = PBXFileReference; lastKnownFileType = sourcecode.swift; path = TimerViewController.swift; sourceTree = "<group>"; };
		24CAEFC41F82895D0039B338 /* RegisterViewController.swift */ = {isa = PBXFileReference; lastKnownFileType = sourcecode.swift; path = RegisterViewController.swift; sourceTree = "<group>"; };
		24CAEFC61F8289D90039B338 /* ContactViewController.swift */ = {isa = PBXFileReference; lastKnownFileType = sourcecode.swift; path = ContactViewController.swift; sourceTree = "<group>"; };
		24CAEFC81F8299410039B338 /* LoginViewController.swift */ = {isa = PBXFileReference; lastKnownFileType = sourcecode.swift; path = LoginViewController.swift; sourceTree = "<group>"; };
		24D0F0651F80A746008AFAD4 /* 2besafe.app */ = {isa = PBXFileReference; explicitFileType = wrapper.application; includeInIndex = 0; path = 2besafe.app; sourceTree = BUILT_PRODUCTS_DIR; };
		24D0F0681F80A746008AFAD4 /* AppDelegate.swift */ = {isa = PBXFileReference; lastKnownFileType = sourcecode.swift; path = AppDelegate.swift; sourceTree = "<group>"; };
		24D0F06A1F80A746008AFAD4 /* ViewController.swift */ = {isa = PBXFileReference; lastKnownFileType = sourcecode.swift; path = ViewController.swift; sourceTree = "<group>"; };
		24D0F06D1F80A746008AFAD4 /* Base */ = {isa = PBXFileReference; lastKnownFileType = file.storyboard; name = Base; path = Base.lproj/Main.storyboard; sourceTree = "<group>"; };
		24D0F06F1F80A746008AFAD4 /* Assets.xcassets */ = {isa = PBXFileReference; lastKnownFileType = folder.assetcatalog; path = Assets.xcassets; sourceTree = "<group>"; };
		24D0F0721F80A746008AFAD4 /* Base */ = {isa = PBXFileReference; lastKnownFileType = file.storyboard; name = Base; path = Base.lproj/LaunchScreen.storyboard; sourceTree = "<group>"; };
		24D0F0741F80A746008AFAD4 /* Info.plist */ = {isa = PBXFileReference; lastKnownFileType = text.plist.xml; path = Info.plist; sourceTree = "<group>"; };
		24D0F07A1F80AE5B008AFAD4 /* SetTaskViewController.swift */ = {isa = PBXFileReference; lastKnownFileType = sourcecode.swift; path = SetTaskViewController.swift; sourceTree = "<group>"; };
		24E9060B1F83E13C00CBC51C /* WatchImages */ = {isa = PBXFileReference; lastKnownFileType = folder; path = WatchImages; sourceTree = "<group>"; };
/* End PBXFileReference section */

/* Begin PBXFrameworksBuildPhase section */
		24D0F0621F80A746008AFAD4 /* Frameworks */ = {
			isa = PBXFrameworksBuildPhase;
			buildActionMask = 2147483647;
			files = (
			);
			runOnlyForDeploymentPostprocessing = 0;
		};
/* End PBXFrameworksBuildPhase section */

/* Begin PBXGroup section */
		24D0F05C1F80A746008AFAD4 = {
			isa = PBXGroup;
			children = (
				24D0F0671F80A746008AFAD4 /* 2besafe */,
				24D0F0661F80A746008AFAD4 /* Products */,
			);
			sourceTree = "<group>";
		};
		24D0F0661F80A746008AFAD4 /* Products */ = {
			isa = PBXGroup;
			children = (
				24D0F0651F80A746008AFAD4 /* 2besafe.app */,
			);
			name = Products;
			sourceTree = "<group>";
		};
		24D0F0671F80A746008AFAD4 /* 2besafe */ = {
			isa = PBXGroup;
			children = (
				24D0F0681F80A746008AFAD4 /* AppDelegate.swift */,
				24CAEFC81F8299410039B338 /* LoginViewController.swift */,
				24D0F06A1F80A746008AFAD4 /* ViewController.swift */,
				24CAEFC61F8289D90039B338 /* ContactViewController.swift */,
				24D0F06C1F80A746008AFAD4 /* Main.storyboard */,
				24CAEFC21F82893C0039B338 /* TimerViewController.swift */,
				24CAEFC41F82895D0039B338 /* RegisterViewController.swift */,
				24D0F07A1F80AE5B008AFAD4 /* SetTaskViewController.swift */,
				24D0F06F1F80A746008AFAD4 /* Assets.xcassets */,
				24E9060B1F83E13C00CBC51C /* WatchImages */,
				24CAEFC11F8286340039B338 /* emergencycallIcon.png */,
				24CAEFC01F8284190039B338 /* contactIcon.png */,
				24CAEFBF1F8282110039B338 /* taskIcon.png */,
				24CAEFBE1F826D610039B338 /* bg.png */,
				24D0F0711F80A746008AFAD4 /* LaunchScreen.storyboard */,
				24D0F0741F80A746008AFAD4 /* Info.plist */,
			);
			path = 2besafe;
			sourceTree = "<group>";
		};
/* End PBXGroup section */

/* Begin PBXNativeTarget section */
		24D0F0641F80A746008AFAD4 /* 2besafe */ = {
			isa = PBXNativeTarget;
			buildConfigurationList = 24D0F0771F80A746008AFAD4 /* Build configuration list for PBXNativeTarget "2besafe" */;
			buildPhases = (
				24D0F0611F80A746008AFAD4 /* Sources */,
				24D0F0621F80A746008AFAD4 /* Frameworks */,
				24D0F0631F80A746008AFAD4 /* Resources */,
			);
			buildRules = (
			);
			dependencies = (
			);
			name = 2besafe;
			productName = 2besafe;
			productReference = 24D0F0651F80A746008AFAD4 /* 2besafe.app */;
			productType = "com.apple.product-type.application";
		};
/* End PBXNativeTarget section */

/* Begin PBXProject section */
		24D0F05D1F80A746008AFAD4 /* Project object */ = {
			isa = PBXProject;
			attributes = {
				LastSwiftUpdateCheck = 0900;
				LastUpgradeCheck = 0900;
				ORGANIZATIONNAME = Yaojia;
				TargetAttributes = {
					24D0F0641F80A746008AFAD4 = {
						CreatedOnToolsVersion = 9.0;
						ProvisioningStyle = Automatic;
					};
				};
			};
			buildConfigurationList = 24D0F0601F80A746008AFAD4 /* Build configuration list for PBXProject "2besafe" */;
			compatibilityVersion = "Xcode 8.0";
			developmentRegion = en;
			hasScannedForEncodings = 0;
			knownRegions = (
				en,
				Base,
			);
			mainGroup = 24D0F05C1F80A746008AFAD4;
			productRefGroup = 24D0F0661F80A746008AFAD4 /* Products */;
			projectDirPath = "";
			projectRoot = "";
			targets = (
				24D0F0641F80A746008AFAD4 /* 2besafe */,
			);
		};
/* End PBXProject section */

/* Begin PBXResourcesBuildPhase section */
		24D0F0631F80A746008AFAD4 /* Resources */ = {
			isa = PBXResourcesBuildPhase;
			buildActionMask = 2147483647;
			files = (
				24D0F0731F80A746008AFAD4 /* LaunchScreen.storyboard in Resources */,
				24D0F0701F80A746008AFAD4 /* Assets.xcassets in Resources */,
				24D0F06E1F80A746008AFAD4 /* Main.storyboard in Resources */,
			);
			runOnlyForDeploymentPostprocessing = 0;
		};
/* End PBXResourcesBuildPhase section */

/* Begin PBXSourcesBuildPhase section */
		24D0F0611F80A746008AFAD4 /* Sources */ = {
			isa = PBXSourcesBuildPhase;
			buildActionMask = 2147483647;
			files = (
				24CAEFC91F8299410039B338 /* LoginViewController.swift in Sources */,
				24CAEFC31F82893C0039B338 /* TimerViewController.swift in Sources */,
				24CAEFC71F8289D90039B338 /* ContactViewController.swift in Sources */,
				24D0F06B1F80A746008AFAD4 /* ViewController.swift in Sources */,
				24CAEFC51F82895D0039B338 /* RegisterViewController.swift in Sources */,
				24D0F0691F80A746008AFAD4 /* AppDelegate.swift in Sources */,
				24D0F07B1F80AE5B008AFAD4 /* SetTaskViewController.swift in Sources */,
			);
			runOnlyForDeploymentPostprocessing = 0;
		};
/* End PBXSourcesBuildPhase section */

/* Begin PBXVariantGroup section */
		24D0F06C1F80A746008AFAD4 /* Main.storyboard */ = {
			isa = PBXVariantGroup;
			children = (
				24D0F06D1F80A746008AFAD4 /* Base */,
			);
			name = Main.storyboard;
			sourceTree = "<group>";
		};
		24D0F0711F80A746008AFAD4 /* LaunchScreen.storyboard */ = {
			isa = PBXVariantGroup;
			children = (
				24D0F0721F80A746008AFAD4 /* Base */,
			);
			name = LaunchScreen.storyboard;
			sourceTree = "<group>";
		};
/* End PBXVariantGroup section */

/* Begin XCBuildConfiguration section */
		24D0F0751F80A746008AFAD4 /* Debug */ = {
			isa = XCBuildConfiguration;
			buildSettings = {
				ALWAYS_SEARCH_USER_PATHS = NO;
				CLANG_ANALYZER_NONNULL = YES;
				CLANG_ANALYZER_NUMBER_OBJECT_CONVERSION = YES_AGGRESSIVE;
				CLANG_CXX_LANGUAGE_STANDARD = "gnu++14";
				CLANG_CXX_LIBRARY = "libc++";
				CLANG_ENABLE_MODULES = YES;
				CLANG_ENABLE_OBJC_ARC = YES;
				CLANG_WARN_BLOCK_CAPTURE_AUTORELEASING = YES;
				CLANG_WARN_BOOL_CONVERSION = YES;
				CLANG_WARN_COMMA = YES;
				CLANG_WARN_CONSTANT_CONVERSION = YES;
				CLANG_WARN_DIRECT_OBJC_ISA_USAGE = YES_ERROR;
				CLANG_WARN_DOCUMENTATION_COMMENTS = YES;
				CLANG_WARN_EMPTY_BODY = YES;
				CLANG_WARN_ENUM_CONVERSION = YES;
				CLANG_WARN_INFINITE_RECURSION = YES;
				CLANG_WARN_INT_CONVERSION = YES;
				CLANG_WARN_NON_LITERAL_NULL_CONVERSION = YES;
				CLANG_WARN_OBJC_LITERAL_CONVERSION = YES;
				CLANG_WARN_OBJC_ROOT_CLASS = YES_ERROR;
				CLANG_WARN_RANGE_LOOP_ANALYSIS = YES;
				CLANG_WARN_STRICT_PROTOTYPES = YES;
				CLANG_WARN_SUSPICIOUS_MOVE = YES;
				CLANG_WARN_UNGUARDED_AVAILABILITY = YES_AGGRESSIVE;
				CLANG_WARN_UNREACHABLE_CODE = YES;
				CLANG_WARN__DUPLICATE_METHOD_MATCH = YES;
				CODE_SIGN_IDENTITY = "iPhone Developer";
				COPY_PHASE_STRIP = NO;
				DEBUG_INFORMATION_FORMAT = dwarf;
				ENABLE_STRICT_OBJC_MSGSEND = YES;
				ENABLE_TESTABILITY = YES;
				GCC_C_LANGUAGE_STANDARD = gnu11;
				GCC_DYNAMIC_NO_PIC = NO;
				GCC_NO_COMMON_BLOCKS = YES;
				GCC_OPTIMIZATION_LEVEL = 0;
				GCC_PREPROCESSOR_DEFINITIONS = (
					"DEBUG=1",
					"$(inherited)",
				);
				GCC_WARN_64_TO_32_BIT_CONVERSION = YES;
				GCC_WARN_ABOUT_RETURN_TYPE = YES_ERROR;
				GCC_WARN_UNDECLARED_SELECTOR = YES;
				GCC_WARN_UNINITIALIZED_AUTOS = YES_AGGRESSIVE;
				GCC_WARN_UNUSED_FUNCTION = YES;
				GCC_WARN_UNUSED_VARIABLE = YES;
				IPHONEOS_DEPLOYMENT_TARGET = 11.0;
				MTL_ENABLE_DEBUG_INFO = YES;
				ONLY_ACTIVE_ARCH = YES;
				SDKROOT = iphoneos;
				SWIFT_ACTIVE_COMPILATION_CONDITIONS = DEBUG;
				SWIFT_OPTIMIZATION_LEVEL = "-Onone";
			};
			name = Debug;
		};
		24D0F0761F80A746008AFAD4 /* Release */ = {
			isa = XCBuildConfiguration;
			buildSettings = {
				ALWAYS_SEARCH_USER_PATHS = NO;
				CLANG_ANALYZER_NONNULL = YES;
				CLANG_ANALYZER_NUMBER_OBJECT_CONVERSION = YES_AGGRESSIVE;
				CLANG_CXX_LANGUAGE_STANDARD = "gnu++14";
				CLANG_CXX_LIBRARY = "libc++";
				CLANG_ENABLE_MODULES = YES;
				CLANG_ENABLE_OBJC_ARC = YES;
				CLANG_WARN_BLOCK_CAPTURE_AUTORELEASING = YES;
				CLANG_WARN_BOOL_CONVERSION = YES;
				CLANG_WARN_COMMA = YES;
				CLANG_WARN_CONSTANT_CONVERSION = YES;
				CLANG_WARN_DIRECT_OBJC_ISA_USAGE = YES_ERROR;
				CLANG_WARN_DOCUMENTATION_COMMENTS = YES;
				CLANG_WARN_EMPTY_BODY = YES;
				CLANG_WARN_ENUM_CONVERSION = YES;
				CLANG_WARN_INFINITE_RECURSION = YES;
				CLANG_WARN_INT_CONVERSION = YES;
				CLANG_WARN_NON_LITERAL_NULL_CONVERSION = YES;
				CLANG_WARN_OBJC_LITERAL_CONVERSION = YES;
				CLANG_WARN_OBJC_ROOT_CLASS = YES_ERROR;
				CLANG_WARN_RANGE_LOOP_ANALYSIS = YES;
				CLANG_WARN_STRICT_PROTOTYPES = YES;
				CLANG_WARN_SUSPICIOUS_MOVE = YES;
				CLANG_WARN_UNGUARDED_AVAILABILITY = YES_AGGRESSIVE;
				CLANG_WARN_UNREACHABLE_CODE = YES;
				CLANG_WARN__DUPLICATE_METHOD_MATCH = YES;
				CODE_SIGN_IDENTITY = "iPhone Developer";
				COPY_PHASE_STRIP = NO;
				DEBUG_INFORMATION_FORMAT = "dwarf-with-dsym";
				ENABLE_NS_ASSERTIONS = NO;
				ENABLE_STRICT_OBJC_MSGSEND = YES;
				GCC_C_LANGUAGE_STANDARD = gnu11;
				GCC_NO_COMMON_BLOCKS = YES;
				GCC_WARN_64_TO_32_BIT_CONVERSION = YES;
				GCC_WARN_ABOUT_RETURN_TYPE = YES_ERROR;
				GCC_WARN_UNDECLARED_SELECTOR = YES;
				GCC_WARN_UNINITIALIZED_AUTOS = YES_AGGRESSIVE;
				GCC_WARN_UNUSED_FUNCTION = YES;
				GCC_WARN_UNUSED_VARIABLE = YES;
				IPHONEOS_DEPLOYMENT_TARGET = 11.0;
				MTL_ENABLE_DEBUG_INFO = NO;
				SDKROOT = iphoneos;
				SWIFT_OPTIMIZATION_LEVEL = "-Owholemodule";
				VALIDATE_PRODUCT = YES;
			};
			name = Release;
		};
		24D0F0781F80A746008AFAD4 /* Debug */ = {
			isa = XCBuildConfiguration;
			buildSettings = {
				ASSETCATALOG_COMPILER_APPICON_NAME = AppIcon;
				CODE_SIGN_STYLE = Automatic;
				DEVELOPMENT_TEAM = EQTJL4RX46;
				INFOPLIST_FILE = 2besafe/Info.plist;
				IPHONEOS_DEPLOYMENT_TARGET = 10.1;
				LD_RUNPATH_SEARCH_PATHS = "$(inherited) @executable_path/Frameworks";
				PRODUCT_BUNDLE_IDENTIFIER = "au.edu.unimelb.student.yaojiaw.-besafe";
				PRODUCT_NAME = "$(TARGET_NAME)";
				SWIFT_VERSION = 4.0;
				TARGETED_DEVICE_FAMILY = "1,2";
			};
			name = Debug;
		};
		24D0F0791F80A746008AFAD4 /* Release */ = {
			isa = XCBuildConfiguration;
			buildSettings = {
				ASSETCATALOG_COMPILER_APPICON_NAME = AppIcon;
				CODE_SIGN_STYLE = Automatic;
				DEVELOPMENT_TEAM = EQTJL4RX46;
				INFOPLIST_FILE = 2besafe/Info.plist;
				IPHONEOS_DEPLOYMENT_TARGET = 10.1;
				LD_RUNPATH_SEARCH_PATHS = "$(inherited) @executable_path/Frameworks";
				PRODUCT_BUNDLE_IDENTIFIER = "au.edu.unimelb.student.yaojiaw.-besafe";
				PRODUCT_NAME = "$(TARGET_NAME)";
				SWIFT_VERSION = 4.0;
				TARGETED_DEVICE_FAMILY = "1,2";
			};
			name = Release;
		};
/* End XCBuildConfiguration section */

/* Begin XCConfigurationList section */
		24D0F0601F80A746008AFAD4 /* Build configuration list for PBXProject "2besafe" */ = {
			isa = XCConfigurationList;
			buildConfigurations = (
				24D0F0751F80A746008AFAD4 /* Debug */,
				24D0F0761F80A746008AFAD4 /* Release */,
			);
			defaultConfigurationIsVisible = 0;
			defaultConfigurationName = Release;
		};
		24D0F0771F80A746008AFAD4 /* Build configuration list for PBXNativeTarget "2besafe" */ = {
			isa = XCConfigurationList;
			buildConfigurations = (
				24D0F0781F80A746008AFAD4 /* Debug */,
				24D0F0791F80A746008AFAD4 /* Release */,
			);
			defaultConfigurationIsVisible = 0;
			defaultConfigurationName = Release;
		};
/* End XCConfigurationList section */
	};
	rootObject = 24D0F05D1F80A746008AFAD4 /* Project object */;
}
